
Microsoft Visual Studio Solution File, Format Version 12.00
# Visual Studio 15
VisualStudioVersion = 15.0.27617.1
MinimumVisualStudioVersion = 10.0.40219.1
Project("{9A19103F-16F7-4668-BE54-9A1E7A4F7556}") = "ZenAssetReceiver", "Elements\NetCore\ZenAssetReceiver\ZenAssetReceiver.csproj", "{B86E788D-4893-4BCD-8426-70748E89C49B}"
	ProjectSection(ProjectDependencies) = postProject
		{2DCD4794-7EB0-44CD-B4CD-ECC313E04A28} = {2DCD4794-7EB0-44CD-B4CD-ECC313E04A28}
	EndProjectSection
EndProject
Project("{9A19103F-16F7-4668-BE54-9A1E7A4F7556}") = "ZenAssetTransmitter", "Elements\NetCore\ZenAssetTransmitter\ZenAssetTransmitter.csproj", "{2307966A-866E-41D5-968F-1133371D4458}"
	ProjectSection(ProjectDependencies) = postProject
		{2DCD4794-7EB0-44CD-B4CD-ECC313E04A28} = {2DCD4794-7EB0-44CD-B4CD-ECC313E04A28}
	EndProjectSection
EndProject
Project("{9A19103F-16F7-4668-BE54-9A1E7A4F7556}") = "ZenCsScript", "Elements\NetCore\ZenCsScript\ZenCsScript.csproj", "{DAD818A5-A784-40E5-9313-A9C8314F649A}"
	ProjectSection(ProjectDependencies) = postProject
		{2DCD4794-7EB0-44CD-B4CD-ECC313E04A28} = {2DCD4794-7EB0-44CD-B4CD-ECC313E04A28}
		{C8D759A4-7DA0-4200-AA79-67025122277E} = {C8D759A4-7DA0-4200-AA79-67025122277E}
	EndProjectSection
EndProject
Project("{9A19103F-16F7-4668-BE54-9A1E7A4F7556}") = "ZenDebug", "Elements\NetCore\ZenDebug\ZenDebug.csproj", "{AE52F62C-4E3F-4560-8453-5280B1B3155F}"
	ProjectSection(ProjectDependencies) = postProject
		{2DCD4794-7EB0-44CD-B4CD-ECC313E04A28} = {2DCD4794-7EB0-44CD-B4CD-ECC313E04A28}
		{C8D759A4-7DA0-4200-AA79-67025122277E} = {C8D759A4-7DA0-4200-AA79-67025122277E}
	EndProjectSection
EndProject
Project("{9A19103F-16F7-4668-BE54-9A1E7A4F7556}") = "ZenElementActionCaller", "Elements\NetCore\ZenElementActionCaller\ZenElementActionCaller.csproj", "{CF7600E0-8626-4624-AC98-AC4408B5B14F}"
	ProjectSection(ProjectDependencies) = postProject
		{2DCD4794-7EB0-44CD-B4CD-ECC313E04A28} = {2DCD4794-7EB0-44CD-B4CD-ECC313E04A28}
		{C8D759A4-7DA0-4200-AA79-67025122277E} = {C8D759A4-7DA0-4200-AA79-67025122277E}
	EndProjectSection
EndProject
Project("{9A19103F-16F7-4668-BE54-9A1E7A4F7556}") = "ZenElementsExecuter", "Elements\NetCore\ZenElementsExecuter\ZenElementsExecuter.csproj", "{49407DFD-BDDD-45FE-B323-37ACEE4234FF}"
	ProjectSection(ProjectDependencies) = postProject
		{2DCD4794-7EB0-44CD-B4CD-ECC313E04A28} = {2DCD4794-7EB0-44CD-B4CD-ECC313E04A28}
		{C8D759A4-7DA0-4200-AA79-67025122277E} = {C8D759A4-7DA0-4200-AA79-67025122277E}
	EndProjectSection
EndProject
Project("{9A19103F-16F7-4668-BE54-9A1E7A4F7556}") = "ZenExcelReader", "Elements\NetCore\ZenExcelReader\ZenExcelReader.csproj", "{90C33FDE-BEE1-4592-8C60-E9E8AE44DE5B}"
	ProjectSection(ProjectDependencies) = postProject
		{2DCD4794-7EB0-44CD-B4CD-ECC313E04A28} = {2DCD4794-7EB0-44CD-B4CD-ECC313E04A28}
		{C8D759A4-7DA0-4200-AA79-67025122277E} = {C8D759A4-7DA0-4200-AA79-67025122277E}
	EndProjectSection
EndProject
Project("{9A19103F-16F7-4668-BE54-9A1E7A4F7556}") = "ZenHttpRequest", "Elements\NetCore\ZenHttpRequest\ZenHttpRequest.csproj", "{7B433F3D-D101-4326-8099-1165E54BB2F8}"
	ProjectSection(ProjectDependencies) = postProject
		{2DCD4794-7EB0-44CD-B4CD-ECC313E04A28} = {2DCD4794-7EB0-44CD-B4CD-ECC313E04A28}
		{C8D759A4-7DA0-4200-AA79-67025122277E} = {C8D759A4-7DA0-4200-AA79-67025122277E}
	EndProjectSection
EndProject
Project("{9A19103F-16F7-4668-BE54-9A1E7A4F7556}") = "ZenLicenceChecker", "Elements\NetCore\ZenLicenceChecker\ZenLicenceChecker.csproj", "{2FF8FFBD-5DE9-4B7D-905A-5A917EEE493C}"
	ProjectSection(ProjectDependencies) = postProject
		{2DCD4794-7EB0-44CD-B4CD-ECC313E04A28} = {2DCD4794-7EB0-44CD-B4CD-ECC313E04A28}
		{C8D759A4-7DA0-4200-AA79-67025122277E} = {C8D759A4-7DA0-4200-AA79-67025122277E}
	EndProjectSection
EndProject
Project("{9A19103F-16F7-4668-BE54-9A1E7A4F7556}") = "ZenSqlServer", "Elements\NetCore\ZenSqlServer\ZenSqlServer.csproj", "{C3549125-447D-4EE7-9116-7B579F1E1DC7}"
	ProjectSection(ProjectDependencies) = postProject
		{2DCD4794-7EB0-44CD-B4CD-ECC313E04A28} = {2DCD4794-7EB0-44CD-B4CD-ECC313E04A28}
		{C8D759A4-7DA0-4200-AA79-67025122277E} = {C8D759A4-7DA0-4200-AA79-67025122277E}
	EndProjectSection
EndProject
Project("{9A19103F-16F7-4668-BE54-9A1E7A4F7556}") = "ZenWebServer", "Elements\NetCore\ZenWebServer\ZenWebServer.csproj", "{DD4408EA-CC1A-4978-B627-CCA4027AE442}"
	ProjectSection(ProjectDependencies) = postProject
		{2DCD4794-7EB0-44CD-B4CD-ECC313E04A28} = {2DCD4794-7EB0-44CD-B4CD-ECC313E04A28}
		{C8D759A4-7DA0-4200-AA79-67025122277E} = {C8D759A4-7DA0-4200-AA79-67025122277E}
	EndProjectSection
EndProject
Project("{2150E333-8FDC-42A3-9474-1A3956D46DE8}") = "Elements", "Elements", "{6BF4642E-5050-405E-AEB8-E6BF46991286}"
EndProject
Project("{9A19103F-16F7-4668-BE54-9A1E7A4F7556}") = "ZenCsScriptCore", "libs\src\NetCore\ZenCsScriptCore\ZenCsScriptCore.csproj", "{C8D759A4-7DA0-4200-AA79-67025122277E}"
	ProjectSection(ProjectDependencies) = postProject
		{2DCD4794-7EB0-44CD-B4CD-ECC313E04A28} = {2DCD4794-7EB0-44CD-B4CD-ECC313E04A28}
	EndProjectSection
EndProject
Project("{2150E333-8FDC-42A3-9474-1A3956D46DE8}") = "Libs", "Libs", "{AC809EDD-E45C-440E-A113-C8EF6DD7D873}"
EndProject
Project("{2150E333-8FDC-42A3-9474-1A3956D46DE8}") = "Common", "Common", "{3CAB2306-7BF8-4C4C-8627-9AE1C66B5FCD}"
EndProject
Project("{9A19103F-16F7-4668-BE54-9A1E7A4F7556}") = "ZenCommonDotNetCore", "ZenCommon\NetCore\ZenCommonDotNetCore.csproj", "{2DCD4794-7EB0-44CD-B4CD-ECC313E04A28}"
EndProject
Project("{9A19103F-16F7-4668-BE54-9A1E7A4F7556}") = "ZenMail", "Elements\NetCore\ZenMail\ZenMail.csproj", "{F10A703B-60B2-4F40-B06A-83A28DE8B642}"
	ProjectSection(ProjectDependencies) = postProject
		{2DCD4794-7EB0-44CD-B4CD-ECC313E04A28} = {2DCD4794-7EB0-44CD-B4CD-ECC313E04A28}
		{C8D759A4-7DA0-4200-AA79-67025122277E} = {C8D759A4-7DA0-4200-AA79-67025122277E}
	EndProjectSection
EndProject
Project("{FAE04EC0-301F-11D3-BF4B-00C04F79EFBC}") = "ZenMySql", "Elements\NetCore\ZenMySql\ZenMySql.csproj", "{0A5EA53A-2D33-4113-8FFF-E113DB74BE5E}"
EndProject
Global
	GlobalSection(SolutionConfigurationPlatforms) = preSolution
		Debug|Any CPU = Debug|Any CPU
		Debug|ARM = Debug|ARM
		Debug|x64 = Debug|x64
		Debug|x86 = Debug|x86
		Develop|Any CPU = Develop|Any CPU
		Develop|ARM = Develop|ARM
		Develop|x64 = Develop|x64
		Develop|x86 = Develop|x86
		Release|Any CPU = Release|Any CPU
		Release|ARM = Release|ARM
		Release|x64 = Release|x64
		Release|x86 = Release|x86
	EndGlobalSection
	GlobalSection(ProjectConfigurationPlatforms) = postSolution
		{B86E788D-4893-4BCD-8426-70748E89C49B}.Debug|Any CPU.ActiveCfg = Debug|Any CPU
		{B86E788D-4893-4BCD-8426-70748E89C49B}.Debug|Any CPU.Build.0 = Debug|Any CPU
		{B86E788D-4893-4BCD-8426-70748E89C49B}.Debug|ARM.ActiveCfg = Debug|Any CPU
		{B86E788D-4893-4BCD-8426-70748E89C49B}.Debug|ARM.Build.0 = Debug|Any CPU
		{B86E788D-4893-4BCD-8426-70748E89C49B}.Debug|x64.ActiveCfg = Debug|Any CPU
		{B86E788D-4893-4BCD-8426-70748E89C49B}.Debug|x64.Build.0 = Debug|Any CPU
		{B86E788D-4893-4BCD-8426-70748E89C49B}.Debug|x86.ActiveCfg = Debug|Any CPU
		{B86E788D-4893-4BCD-8426-70748E89C49B}.Debug|x86.Build.0 = Debug|Any CPU
		{B86E788D-4893-4BCD-8426-70748E89C49B}.Develop|Any CPU.ActiveCfg = Develop|Any CPU
		{B86E788D-4893-4BCD-8426-70748E89C49B}.Develop|Any CPU.Build.0 = Develop|Any CPU
		{B86E788D-4893-4BCD-8426-70748E89C49B}.Develop|ARM.ActiveCfg = Develop|Any CPU
		{B86E788D-4893-4BCD-8426-70748E89C49B}.Develop|ARM.Build.0 = Develop|Any CPU
		{B86E788D-4893-4BCD-8426-70748E89C49B}.Develop|x64.ActiveCfg = Develop|Any CPU
		{B86E788D-4893-4BCD-8426-70748E89C49B}.Develop|x64.Build.0 = Develop|Any CPU
		{B86E788D-4893-4BCD-8426-70748E89C49B}.Develop|x86.ActiveCfg = Develop|Any CPU
		{B86E788D-4893-4BCD-8426-70748E89C49B}.Develop|x86.Build.0 = Develop|Any CPU
		{B86E788D-4893-4BCD-8426-70748E89C49B}.Release|Any CPU.ActiveCfg = Release|Any CPU
		{B86E788D-4893-4BCD-8426-70748E89C49B}.Release|Any CPU.Build.0 = Release|Any CPU
		{B86E788D-4893-4BCD-8426-70748E89C49B}.Release|ARM.ActiveCfg = Release|Any CPU
		{B86E788D-4893-4BCD-8426-70748E89C49B}.Release|ARM.Build.0 = Release|Any CPU
		{B86E788D-4893-4BCD-8426-70748E89C49B}.Release|x64.ActiveCfg = Release|Any CPU
		{B86E788D-4893-4BCD-8426-70748E89C49B}.Release|x64.Build.0 = Release|Any CPU
		{B86E788D-4893-4BCD-8426-70748E89C49B}.Release|x86.ActiveCfg = Release|Any CPU
		{B86E788D-4893-4BCD-8426-70748E89C49B}.Release|x86.Build.0 = Release|Any CPU
		{2307966A-866E-41D5-968F-1133371D4458}.Debug|Any CPU.ActiveCfg = Debug|Any CPU
		{2307966A-866E-41D5-968F-1133371D4458}.Debug|Any CPU.Build.0 = Debug|Any CPU
		{2307966A-866E-41D5-968F-1133371D4458}.Debug|ARM.ActiveCfg = Debug|Any CPU
		{2307966A-866E-41D5-968F-1133371D4458}.Debug|ARM.Build.0 = Debug|Any CPU
		{2307966A-866E-41D5-968F-1133371D4458}.Debug|x64.ActiveCfg = Debug|Any CPU
		{2307966A-866E-41D5-968F-1133371D4458}.Debug|x64.Build.0 = Debug|Any CPU
		{2307966A-866E-41D5-968F-1133371D4458}.Debug|x86.ActiveCfg = Debug|Any CPU
		{2307966A-866E-41D5-968F-1133371D4458}.Debug|x86.Build.0 = Debug|Any CPU
		{2307966A-866E-41D5-968F-1133371D4458}.Develop|Any CPU.ActiveCfg = Develop|Any CPU
		{2307966A-866E-41D5-968F-1133371D4458}.Develop|Any CPU.Build.0 = Develop|Any CPU
		{2307966A-866E-41D5-968F-1133371D4458}.Develop|ARM.ActiveCfg = Develop|Any CPU
		{2307966A-866E-41D5-968F-1133371D4458}.Develop|ARM.Build.0 = Develop|Any CPU
		{2307966A-866E-41D5-968F-1133371D4458}.Develop|x64.ActiveCfg = Develop|Any CPU
		{2307966A-866E-41D5-968F-1133371D4458}.Develop|x64.Build.0 = Develop|Any CPU
		{2307966A-866E-41D5-968F-1133371D4458}.Develop|x86.ActiveCfg = Develop|Any CPU
		{2307966A-866E-41D5-968F-1133371D4458}.Develop|x86.Build.0 = Develop|Any CPU
		{2307966A-866E-41D5-968F-1133371D4458}.Release|Any CPU.ActiveCfg = Release|Any CPU
		{2307966A-866E-41D5-968F-1133371D4458}.Release|Any CPU.Build.0 = Release|Any CPU
		{2307966A-866E-41D5-968F-1133371D4458}.Release|ARM.ActiveCfg = Release|Any CPU
		{2307966A-866E-41D5-968F-1133371D4458}.Release|ARM.Build.0 = Release|Any CPU
		{2307966A-866E-41D5-968F-1133371D4458}.Release|x64.ActiveCfg = Release|Any CPU
		{2307966A-866E-41D5-968F-1133371D4458}.Release|x64.Build.0 = Release|Any CPU
		{2307966A-866E-41D5-968F-1133371D4458}.Release|x86.ActiveCfg = Release|Any CPU
		{2307966A-866E-41D5-968F-1133371D4458}.Release|x86.Build.0 = Release|Any CPU
		{DAD818A5-A784-40E5-9313-A9C8314F649A}.Debug|Any CPU.ActiveCfg = Debug|Any CPU
		{DAD818A5-A784-40E5-9313-A9C8314F649A}.Debug|Any CPU.Build.0 = Debug|Any CPU
		{DAD818A5-A784-40E5-9313-A9C8314F649A}.Debug|ARM.ActiveCfg = Debug|Any CPU
		{DAD818A5-A784-40E5-9313-A9C8314F649A}.Debug|ARM.Build.0 = Debug|Any CPU
		{DAD818A5-A784-40E5-9313-A9C8314F649A}.Debug|x64.ActiveCfg = Debug|Any CPU
		{DAD818A5-A784-40E5-9313-A9C8314F649A}.Debug|x64.Build.0 = Debug|Any CPU
		{DAD818A5-A784-40E5-9313-A9C8314F649A}.Debug|x86.ActiveCfg = Debug|Any CPU
		{DAD818A5-A784-40E5-9313-A9C8314F649A}.Debug|x86.Build.0 = Debug|Any CPU
		{DAD818A5-A784-40E5-9313-A9C8314F649A}.Develop|Any CPU.ActiveCfg = Develop|Any CPU
		{DAD818A5-A784-40E5-9313-A9C8314F649A}.Develop|Any CPU.Build.0 = Develop|Any CPU
		{DAD818A5-A784-40E5-9313-A9C8314F649A}.Develop|ARM.ActiveCfg = Develop|Any CPU
		{DAD818A5-A784-40E5-9313-A9C8314F649A}.Develop|ARM.Build.0 = Develop|Any CPU
		{DAD818A5-A784-40E5-9313-A9C8314F649A}.Develop|x64.ActiveCfg = Develop|Any CPU
		{DAD818A5-A784-40E5-9313-A9C8314F649A}.Develop|x64.Build.0 = Develop|Any CPU
		{DAD818A5-A784-40E5-9313-A9C8314F649A}.Develop|x86.ActiveCfg = Develop|Any CPU
		{DAD818A5-A784-40E5-9313-A9C8314F649A}.Develop|x86.Build.0 = Develop|Any CPU
		{DAD818A5-A784-40E5-9313-A9C8314F649A}.Release|Any CPU.ActiveCfg = Release|Any CPU
		{DAD818A5-A784-40E5-9313-A9C8314F649A}.Release|Any CPU.Build.0 = Release|Any CPU
		{DAD818A5-A784-40E5-9313-A9C8314F649A}.Release|ARM.ActiveCfg = Release|Any CPU
		{DAD818A5-A784-40E5-9313-A9C8314F649A}.Release|ARM.Build.0 = Release|Any CPU
		{DAD818A5-A784-40E5-9313-A9C8314F649A}.Release|x64.ActiveCfg = Release|Any CPU
		{DAD818A5-A784-40E5-9313-A9C8314F649A}.Release|x64.Build.0 = Release|Any CPU
		{DAD818A5-A784-40E5-9313-A9C8314F649A}.Release|x86.ActiveCfg = Release|Any CPU
		{DAD818A5-A784-40E5-9313-A9C8314F649A}.Release|x86.Build.0 = Release|Any CPU
		{AE52F62C-4E3F-4560-8453-5280B1B3155F}.Debug|Any CPU.ActiveCfg = Debug|Any CPU
		{AE52F62C-4E3F-4560-8453-5280B1B3155F}.Debug|Any CPU.Build.0 = Debug|Any CPU
		{AE52F62C-4E3F-4560-8453-5280B1B3155F}.Debug|ARM.ActiveCfg = Debug|Any CPU
		{AE52F62C-4E3F-4560-8453-5280B1B3155F}.Debug|ARM.Build.0 = Debug|Any CPU
		{AE52F62C-4E3F-4560-8453-5280B1B3155F}.Debug|x64.ActiveCfg = Debug|Any CPU
		{AE52F62C-4E3F-4560-8453-5280B1B3155F}.Debug|x64.Build.0 = Debug|Any CPU
		{AE52F62C-4E3F-4560-8453-5280B1B3155F}.Debug|x86.ActiveCfg = Debug|Any CPU
		{AE52F62C-4E3F-4560-8453-5280B1B3155F}.Debug|x86.Build.0 = Debug|Any CPU
		{AE52F62C-4E3F-4560-8453-5280B1B3155F}.Develop|Any CPU.ActiveCfg = Develop|Any CPU
		{AE52F62C-4E3F-4560-8453-5280B1B3155F}.Develop|Any CPU.Build.0 = Develop|Any CPU
		{AE52F62C-4E3F-4560-8453-5280B1B3155F}.Develop|ARM.ActiveCfg = Develop|Any CPU
		{AE52F62C-4E3F-4560-8453-5280B1B3155F}.Develop|ARM.Build.0 = Develop|Any CPU
		{AE52F62C-4E3F-4560-8453-5280B1B3155F}.Develop|x64.ActiveCfg = Develop|Any CPU
		{AE52F62C-4E3F-4560-8453-5280B1B3155F}.Develop|x64.Build.0 = Develop|Any CPU
		{AE52F62C-4E3F-4560-8453-5280B1B3155F}.Develop|x86.ActiveCfg = Develop|Any CPU
		{AE52F62C-4E3F-4560-8453-5280B1B3155F}.Develop|x86.Build.0 = Develop|Any CPU
		{AE52F62C-4E3F-4560-8453-5280B1B3155F}.Release|Any CPU.ActiveCfg = Release|Any CPU
		{AE52F62C-4E3F-4560-8453-5280B1B3155F}.Release|Any CPU.Build.0 = Release|Any CPU
		{AE52F62C-4E3F-4560-8453-5280B1B3155F}.Release|ARM.ActiveCfg = Release|Any CPU
		{AE52F62C-4E3F-4560-8453-5280B1B3155F}.Release|ARM.Build.0 = Release|Any CPU
		{AE52F62C-4E3F-4560-8453-5280B1B3155F}.Release|x64.ActiveCfg = Release|Any CPU
		{AE52F62C-4E3F-4560-8453-5280B1B3155F}.Release|x64.Build.0 = Release|Any CPU
		{AE52F62C-4E3F-4560-8453-5280B1B3155F}.Release|x86.ActiveCfg = Release|Any CPU
		{AE52F62C-4E3F-4560-8453-5280B1B3155F}.Release|x86.Build.0 = Release|Any CPU
		{CF7600E0-8626-4624-AC98-AC4408B5B14F}.Debug|Any CPU.ActiveCfg = Debug|Any CPU
		{CF7600E0-8626-4624-AC98-AC4408B5B14F}.Debug|Any CPU.Build.0 = Debug|Any CPU
		{CF7600E0-8626-4624-AC98-AC4408B5B14F}.Debug|ARM.ActiveCfg = Debug|Any CPU
		{CF7600E0-8626-4624-AC98-AC4408B5B14F}.Debug|ARM.Build.0 = Debug|Any CPU
		{CF7600E0-8626-4624-AC98-AC4408B5B14F}.Debug|x64.ActiveCfg = Debug|Any CPU
		{CF7600E0-8626-4624-AC98-AC4408B5B14F}.Debug|x64.Build.0 = Debug|Any CPU
		{CF7600E0-8626-4624-AC98-AC4408B5B14F}.Debug|x86.ActiveCfg = Debug|Any CPU
		{CF7600E0-8626-4624-AC98-AC4408B5B14F}.Debug|x86.Build.0 = Debug|Any CPU
		{CF7600E0-8626-4624-AC98-AC4408B5B14F}.Develop|Any CPU.ActiveCfg = Develop|Any CPU
		{CF7600E0-8626-4624-AC98-AC4408B5B14F}.Develop|Any CPU.Build.0 = Develop|Any CPU
		{CF7600E0-8626-4624-AC98-AC4408B5B14F}.Develop|ARM.ActiveCfg = Develop|Any CPU
		{CF7600E0-8626-4624-AC98-AC4408B5B14F}.Develop|ARM.Build.0 = Develop|Any CPU
		{CF7600E0-8626-4624-AC98-AC4408B5B14F}.Develop|x64.ActiveCfg = Develop|Any CPU
		{CF7600E0-8626-4624-AC98-AC4408B5B14F}.Develop|x64.Build.0 = Develop|Any CPU
		{CF7600E0-8626-4624-AC98-AC4408B5B14F}.Develop|x86.ActiveCfg = Develop|Any CPU
		{CF7600E0-8626-4624-AC98-AC4408B5B14F}.Develop|x86.Build.0 = Develop|Any CPU
		{CF7600E0-8626-4624-AC98-AC4408B5B14F}.Release|Any CPU.ActiveCfg = Release|Any CPU
		{CF7600E0-8626-4624-AC98-AC4408B5B14F}.Release|Any CPU.Build.0 = Release|Any CPU
		{CF7600E0-8626-4624-AC98-AC4408B5B14F}.Release|ARM.ActiveCfg = Release|Any CPU
		{CF7600E0-8626-4624-AC98-AC4408B5B14F}.Release|ARM.Build.0 = Release|Any CPU
		{CF7600E0-8626-4624-AC98-AC4408B5B14F}.Release|x64.ActiveCfg = Release|Any CPU
		{CF7600E0-8626-4624-AC98-AC4408B5B14F}.Release|x64.Build.0 = Release|Any CPU
		{CF7600E0-8626-4624-AC98-AC4408B5B14F}.Release|x86.ActiveCfg = Release|Any CPU
		{CF7600E0-8626-4624-AC98-AC4408B5B14F}.Release|x86.Build.0 = Release|Any CPU
		{49407DFD-BDDD-45FE-B323-37ACEE4234FF}.Debug|Any CPU.ActiveCfg = Debug|Any CPU
		{49407DFD-BDDD-45FE-B323-37ACEE4234FF}.Debug|Any CPU.Build.0 = Debug|Any CPU
		{49407DFD-BDDD-45FE-B323-37ACEE4234FF}.Debug|ARM.ActiveCfg = Debug|Any CPU
		{49407DFD-BDDD-45FE-B323-37ACEE4234FF}.Debug|ARM.Build.0 = Debug|Any CPU
		{49407DFD-BDDD-45FE-B323-37ACEE4234FF}.Debug|x64.ActiveCfg = Debug|Any CPU
		{49407DFD-BDDD-45FE-B323-37ACEE4234FF}.Debug|x64.Build.0 = Debug|Any CPU
		{49407DFD-BDDD-45FE-B323-37ACEE4234FF}.Debug|x86.ActiveCfg = Debug|Any CPU
		{49407DFD-BDDD-45FE-B323-37ACEE4234FF}.Debug|x86.Build.0 = Debug|Any CPU
		{49407DFD-BDDD-45FE-B323-37ACEE4234FF}.Develop|Any CPU.ActiveCfg = Develop|Any CPU
		{49407DFD-BDDD-45FE-B323-37ACEE4234FF}.Develop|Any CPU.Build.0 = Develop|Any CPU
		{49407DFD-BDDD-45FE-B323-37ACEE4234FF}.Develop|ARM.ActiveCfg = Develop|Any CPU
		{49407DFD-BDDD-45FE-B323-37ACEE4234FF}.Develop|ARM.Build.0 = Develop|Any CPU
		{49407DFD-BDDD-45FE-B323-37ACEE4234FF}.Develop|x64.ActiveCfg = Develop|Any CPU
		{49407DFD-BDDD-45FE-B323-37ACEE4234FF}.Develop|x64.Build.0 = Develop|Any CPU
		{49407DFD-BDDD-45FE-B323-37ACEE4234FF}.Develop|x86.ActiveCfg = Develop|Any CPU
		{49407DFD-BDDD-45FE-B323-37ACEE4234FF}.Develop|x86.Build.0 = Develop|Any CPU
		{49407DFD-BDDD-45FE-B323-37ACEE4234FF}.Release|Any CPU.ActiveCfg = Release|Any CPU
		{49407DFD-BDDD-45FE-B323-37ACEE4234FF}.Release|Any CPU.Build.0 = Release|Any CPU
		{49407DFD-BDDD-45FE-B323-37ACEE4234FF}.Release|ARM.ActiveCfg = Release|Any CPU
		{49407DFD-BDDD-45FE-B323-37ACEE4234FF}.Release|ARM.Build.0 = Release|Any CPU
		{49407DFD-BDDD-45FE-B323-37ACEE4234FF}.Release|x64.ActiveCfg = Release|Any CPU
		{49407DFD-BDDD-45FE-B323-37ACEE4234FF}.Release|x64.Build.0 = Release|Any CPU
		{49407DFD-BDDD-45FE-B323-37ACEE4234FF}.Release|x86.ActiveCfg = Release|Any CPU
		{49407DFD-BDDD-45FE-B323-37ACEE4234FF}.Release|x86.Build.0 = Release|Any CPU
		{90C33FDE-BEE1-4592-8C60-E9E8AE44DE5B}.Debug|Any CPU.ActiveCfg = Debug|Any CPU
		{90C33FDE-BEE1-4592-8C60-E9E8AE44DE5B}.Debug|Any CPU.Build.0 = Debug|Any CPU
		{90C33FDE-BEE1-4592-8C60-E9E8AE44DE5B}.Debug|ARM.ActiveCfg = Debug|Any CPU
		{90C33FDE-BEE1-4592-8C60-E9E8AE44DE5B}.Debug|ARM.Build.0 = Debug|Any CPU
		{90C33FDE-BEE1-4592-8C60-E9E8AE44DE5B}.Debug|x64.ActiveCfg = Debug|Any CPU
		{90C33FDE-BEE1-4592-8C60-E9E8AE44DE5B}.Debug|x64.Build.0 = Debug|Any CPU
		{90C33FDE-BEE1-4592-8C60-E9E8AE44DE5B}.Debug|x86.ActiveCfg = Debug|Any CPU
		{90C33FDE-BEE1-4592-8C60-E9E8AE44DE5B}.Debug|x86.Build.0 = Debug|Any CPU
		{90C33FDE-BEE1-4592-8C60-E9E8AE44DE5B}.Develop|Any CPU.ActiveCfg = Develop|Any CPU
		{90C33FDE-BEE1-4592-8C60-E9E8AE44DE5B}.Develop|Any CPU.Build.0 = Develop|Any CPU
		{90C33FDE-BEE1-4592-8C60-E9E8AE44DE5B}.Develop|ARM.ActiveCfg = Develop|Any CPU
		{90C33FDE-BEE1-4592-8C60-E9E8AE44DE5B}.Develop|ARM.Build.0 = Develop|Any CPU
		{90C33FDE-BEE1-4592-8C60-E9E8AE44DE5B}.Develop|x64.ActiveCfg = Develop|Any CPU
		{90C33FDE-BEE1-4592-8C60-E9E8AE44DE5B}.Develop|x64.Build.0 = Develop|Any CPU
		{90C33FDE-BEE1-4592-8C60-E9E8AE44DE5B}.Develop|x86.ActiveCfg = Develop|Any CPU
		{90C33FDE-BEE1-4592-8C60-E9E8AE44DE5B}.Develop|x86.Build.0 = Develop|Any CPU
		{90C33FDE-BEE1-4592-8C60-E9E8AE44DE5B}.Release|Any CPU.ActiveCfg = Release|Any CPU
		{90C33FDE-BEE1-4592-8C60-E9E8AE44DE5B}.Release|Any CPU.Build.0 = Release|Any CPU
		{90C33FDE-BEE1-4592-8C60-E9E8AE44DE5B}.Release|ARM.ActiveCfg = Release|Any CPU
		{90C33FDE-BEE1-4592-8C60-E9E8AE44DE5B}.Release|ARM.Build.0 = Release|Any CPU
		{90C33FDE-BEE1-4592-8C60-E9E8AE44DE5B}.Release|x64.ActiveCfg = Release|Any CPU
		{90C33FDE-BEE1-4592-8C60-E9E8AE44DE5B}.Release|x64.Build.0 = Release|Any CPU
		{90C33FDE-BEE1-4592-8C60-E9E8AE44DE5B}.Release|x86.ActiveCfg = Release|Any CPU
		{90C33FDE-BEE1-4592-8C60-E9E8AE44DE5B}.Release|x86.Build.0 = Release|Any CPU
		{7B433F3D-D101-4326-8099-1165E54BB2F8}.Debug|Any CPU.ActiveCfg = Debug|Any CPU
		{7B433F3D-D101-4326-8099-1165E54BB2F8}.Debug|Any CPU.Build.0 = Debug|Any CPU
		{7B433F3D-D101-4326-8099-1165E54BB2F8}.Debug|ARM.ActiveCfg = Debug|Any CPU
		{7B433F3D-D101-4326-8099-1165E54BB2F8}.Debug|ARM.Build.0 = Debug|Any CPU
		{7B433F3D-D101-4326-8099-1165E54BB2F8}.Debug|x64.ActiveCfg = Debug|Any CPU
		{7B433F3D-D101-4326-8099-1165E54BB2F8}.Debug|x64.Build.0 = Debug|Any CPU
		{7B433F3D-D101-4326-8099-1165E54BB2F8}.Debug|x86.ActiveCfg = Debug|Any CPU
		{7B433F3D-D101-4326-8099-1165E54BB2F8}.Debug|x86.Build.0 = Debug|Any CPU
		{7B433F3D-D101-4326-8099-1165E54BB2F8}.Develop|Any CPU.ActiveCfg = Develop|Any CPU
		{7B433F3D-D101-4326-8099-1165E54BB2F8}.Develop|Any CPU.Build.0 = Develop|Any CPU
		{7B433F3D-D101-4326-8099-1165E54BB2F8}.Develop|ARM.ActiveCfg = Develop|Any CPU
		{7B433F3D-D101-4326-8099-1165E54BB2F8}.Develop|ARM.Build.0 = Develop|Any CPU
		{7B433F3D-D101-4326-8099-1165E54BB2F8}.Develop|x64.ActiveCfg = Develop|Any CPU
		{7B433F3D-D101-4326-8099-1165E54BB2F8}.Develop|x64.Build.0 = Develop|Any CPU
		{7B433F3D-D101-4326-8099-1165E54BB2F8}.Develop|x86.ActiveCfg = Develop|Any CPU
		{7B433F3D-D101-4326-8099-1165E54BB2F8}.Develop|x86.Build.0 = Develop|Any CPU
		{7B433F3D-D101-4326-8099-1165E54BB2F8}.Release|Any CPU.ActiveCfg = Release|Any CPU
		{7B433F3D-D101-4326-8099-1165E54BB2F8}.Release|Any CPU.Build.0 = Release|Any CPU
		{7B433F3D-D101-4326-8099-1165E54BB2F8}.Release|ARM.ActiveCfg = Release|Any CPU
		{7B433F3D-D101-4326-8099-1165E54BB2F8}.Release|ARM.Build.0 = Release|Any CPU
		{7B433F3D-D101-4326-8099-1165E54BB2F8}.Release|x64.ActiveCfg = Release|Any CPU
		{7B433F3D-D101-4326-8099-1165E54BB2F8}.Release|x64.Build.0 = Release|Any CPU
		{7B433F3D-D101-4326-8099-1165E54BB2F8}.Release|x86.ActiveCfg = Release|Any CPU
		{7B433F3D-D101-4326-8099-1165E54BB2F8}.Release|x86.Build.0 = Release|Any CPU
		{2FF8FFBD-5DE9-4B7D-905A-5A917EEE493C}.Debug|Any CPU.ActiveCfg = Debug|Any CPU
		{2FF8FFBD-5DE9-4B7D-905A-5A917EEE493C}.Debug|Any CPU.Build.0 = Debug|Any CPU
		{2FF8FFBD-5DE9-4B7D-905A-5A917EEE493C}.Debug|ARM.ActiveCfg = Debug|Any CPU
		{2FF8FFBD-5DE9-4B7D-905A-5A917EEE493C}.Debug|ARM.Build.0 = Debug|Any CPU
		{2FF8FFBD-5DE9-4B7D-905A-5A917EEE493C}.Debug|x64.ActiveCfg = Debug|Any CPU
		{2FF8FFBD-5DE9-4B7D-905A-5A917EEE493C}.Debug|x64.Build.0 = Debug|Any CPU
		{2FF8FFBD-5DE9-4B7D-905A-5A917EEE493C}.Debug|x86.ActiveCfg = Debug|Any CPU
		{2FF8FFBD-5DE9-4B7D-905A-5A917EEE493C}.Debug|x86.Build.0 = Debug|Any CPU
		{2FF8FFBD-5DE9-4B7D-905A-5A917EEE493C}.Develop|Any CPU.ActiveCfg = Develop|Any CPU
		{2FF8FFBD-5DE9-4B7D-905A-5A917EEE493C}.Develop|Any CPU.Build.0 = Develop|Any CPU
		{2FF8FFBD-5DE9-4B7D-905A-5A917EEE493C}.Develop|ARM.ActiveCfg = Develop|Any CPU
		{2FF8FFBD-5DE9-4B7D-905A-5A917EEE493C}.Develop|ARM.Build.0 = Develop|Any CPU
		{2FF8FFBD-5DE9-4B7D-905A-5A917EEE493C}.Develop|x64.ActiveCfg = Develop|Any CPU
		{2FF8FFBD-5DE9-4B7D-905A-5A917EEE493C}.Develop|x64.Build.0 = Develop|Any CPU
		{2FF8FFBD-5DE9-4B7D-905A-5A917EEE493C}.Develop|x86.ActiveCfg = Develop|Any CPU
		{2FF8FFBD-5DE9-4B7D-905A-5A917EEE493C}.Develop|x86.Build.0 = Develop|Any CPU
		{2FF8FFBD-5DE9-4B7D-905A-5A917EEE493C}.Release|Any CPU.ActiveCfg = Release|Any CPU
		{2FF8FFBD-5DE9-4B7D-905A-5A917EEE493C}.Release|Any CPU.Build.0 = Release|Any CPU
		{2FF8FFBD-5DE9-4B7D-905A-5A917EEE493C}.Release|ARM.ActiveCfg = Release|Any CPU
		{2FF8FFBD-5DE9-4B7D-905A-5A917EEE493C}.Release|ARM.Build.0 = Release|Any CPU
		{2FF8FFBD-5DE9-4B7D-905A-5A917EEE493C}.Release|x64.ActiveCfg = Release|Any CPU
		{2FF8FFBD-5DE9-4B7D-905A-5A917EEE493C}.Release|x64.Build.0 = Release|Any CPU
		{2FF8FFBD-5DE9-4B7D-905A-5A917EEE493C}.Release|x86.ActiveCfg = Release|Any CPU
		{2FF8FFBD-5DE9-4B7D-905A-5A917EEE493C}.Release|x86.Build.0 = Release|Any CPU
		{C3549125-447D-4EE7-9116-7B579F1E1DC7}.Debug|Any CPU.ActiveCfg = Debug|Any CPU
		{C3549125-447D-4EE7-9116-7B579F1E1DC7}.Debug|Any CPU.Build.0 = Debug|Any CPU
		{C3549125-447D-4EE7-9116-7B579F1E1DC7}.Debug|ARM.ActiveCfg = Debug|Any CPU
		{C3549125-447D-4EE7-9116-7B579F1E1DC7}.Debug|ARM.Build.0 = Debug|Any CPU
		{C3549125-447D-4EE7-9116-7B579F1E1DC7}.Debug|x64.ActiveCfg = Debug|Any CPU
		{C3549125-447D-4EE7-9116-7B579F1E1DC7}.Debug|x64.Build.0 = Debug|Any CPU
		{C3549125-447D-4EE7-9116-7B579F1E1DC7}.Debug|x86.ActiveCfg = Debug|Any CPU
		{C3549125-447D-4EE7-9116-7B579F1E1DC7}.Debug|x86.Build.0 = Debug|Any CPU
		{C3549125-447D-4EE7-9116-7B579F1E1DC7}.Develop|Any CPU.ActiveCfg = Develop|Any CPU
		{C3549125-447D-4EE7-9116-7B579F1E1DC7}.Develop|Any CPU.Build.0 = Develop|Any CPU
		{C3549125-447D-4EE7-9116-7B579F1E1DC7}.Develop|ARM.ActiveCfg = Develop|Any CPU
		{C3549125-447D-4EE7-9116-7B579F1E1DC7}.Develop|ARM.Build.0 = Develop|Any CPU
		{C3549125-447D-4EE7-9116-7B579F1E1DC7}.Develop|x64.ActiveCfg = Develop|Any CPU
		{C3549125-447D-4EE7-9116-7B579F1E1DC7}.Develop|x64.Build.0 = Develop|Any CPU
		{C3549125-447D-4EE7-9116-7B579F1E1DC7}.Develop|x86.ActiveCfg = Develop|Any CPU
		{C3549125-447D-4EE7-9116-7B579F1E1DC7}.Develop|x86.Build.0 = Develop|Any CPU
		{C3549125-447D-4EE7-9116-7B579F1E1DC7}.Release|Any CPU.ActiveCfg = Release|Any CPU
		{C3549125-447D-4EE7-9116-7B579F1E1DC7}.Release|Any CPU.Build.0 = Release|Any CPU
		{C3549125-447D-4EE7-9116-7B579F1E1DC7}.Release|ARM.ActiveCfg = Release|Any CPU
		{C3549125-447D-4EE7-9116-7B579F1E1DC7}.Release|ARM.Build.0 = Release|Any CPU
		{C3549125-447D-4EE7-9116-7B579F1E1DC7}.Release|x64.ActiveCfg = Release|Any CPU
		{C3549125-447D-4EE7-9116-7B579F1E1DC7}.Release|x64.Build.0 = Release|Any CPU
		{C3549125-447D-4EE7-9116-7B579F1E1DC7}.Release|x86.ActiveCfg = Release|Any CPU
		{C3549125-447D-4EE7-9116-7B579F1E1DC7}.Release|x86.Build.0 = Release|Any CPU
		{DD4408EA-CC1A-4978-B627-CCA4027AE442}.Debug|Any CPU.ActiveCfg = Debug|Any CPU
		{DD4408EA-CC1A-4978-B627-CCA4027AE442}.Debug|Any CPU.Build.0 = Debug|Any CPU
		{DD4408EA-CC1A-4978-B627-CCA4027AE442}.Debug|ARM.ActiveCfg = Debug|Any CPU
		{DD4408EA-CC1A-4978-B627-CCA4027AE442}.Debug|ARM.Build.0 = Debug|Any CPU
		{DD4408EA-CC1A-4978-B627-CCA4027AE442}.Debug|x64.ActiveCfg = Debug|Any CPU
		{DD4408EA-CC1A-4978-B627-CCA4027AE442}.Debug|x64.Build.0 = Debug|Any CPU
		{DD4408EA-CC1A-4978-B627-CCA4027AE442}.Debug|x86.ActiveCfg = Debug|Any CPU
		{DD4408EA-CC1A-4978-B627-CCA4027AE442}.Debug|x86.Build.0 = Debug|Any CPU
		{DD4408EA-CC1A-4978-B627-CCA4027AE442}.Develop|Any CPU.ActiveCfg = Develop|Any CPU
		{DD4408EA-CC1A-4978-B627-CCA4027AE442}.Develop|Any CPU.Build.0 = Develop|Any CPU
		{DD4408EA-CC1A-4978-B627-CCA4027AE442}.Develop|ARM.ActiveCfg = Develop|Any CPU
		{DD4408EA-CC1A-4978-B627-CCA4027AE442}.Develop|ARM.Build.0 = Develop|Any CPU
		{DD4408EA-CC1A-4978-B627-CCA4027AE442}.Develop|x64.ActiveCfg = Develop|Any CPU
		{DD4408EA-CC1A-4978-B627-CCA4027AE442}.Develop|x64.Build.0 = Develop|Any CPU
		{DD4408EA-CC1A-4978-B627-CCA4027AE442}.Develop|x86.ActiveCfg = Develop|Any CPU
		{DD4408EA-CC1A-4978-B627-CCA4027AE442}.Develop|x86.Build.0 = Develop|Any CPU
		{DD4408EA-CC1A-4978-B627-CCA4027AE442}.Release|Any CPU.ActiveCfg = Release|Any CPU
		{DD4408EA-CC1A-4978-B627-CCA4027AE442}.Release|Any CPU.Build.0 = Release|Any CPU
		{DD4408EA-CC1A-4978-B627-CCA4027AE442}.Release|ARM.ActiveCfg = Release|Any CPU
		{DD4408EA-CC1A-4978-B627-CCA4027AE442}.Release|ARM.Build.0 = Release|Any CPU
		{DD4408EA-CC1A-4978-B627-CCA4027AE442}.Release|x64.ActiveCfg = Release|Any CPU
		{DD4408EA-CC1A-4978-B627-CCA4027AE442}.Release|x64.Build.0 = Release|Any CPU
		{DD4408EA-CC1A-4978-B627-CCA4027AE442}.Release|x86.ActiveCfg = Release|Any CPU
		{DD4408EA-CC1A-4978-B627-CCA4027AE442}.Release|x86.Build.0 = Release|Any CPU
		{C8D759A4-7DA0-4200-AA79-67025122277E}.Debug|Any CPU.ActiveCfg = Debug|Any CPU
		{C8D759A4-7DA0-4200-AA79-67025122277E}.Debug|Any CPU.Build.0 = Debug|Any CPU
		{C8D759A4-7DA0-4200-AA79-67025122277E}.Debug|ARM.ActiveCfg = Debug|Any CPU
		{C8D759A4-7DA0-4200-AA79-67025122277E}.Debug|ARM.Build.0 = Debug|Any CPU
		{C8D759A4-7DA0-4200-AA79-67025122277E}.Debug|x64.ActiveCfg = Debug|Any CPU
		{C8D759A4-7DA0-4200-AA79-67025122277E}.Debug|x64.Build.0 = Debug|Any CPU
		{C8D759A4-7DA0-4200-AA79-67025122277E}.Debug|x86.ActiveCfg = Debug|Any CPU
		{C8D759A4-7DA0-4200-AA79-67025122277E}.Debug|x86.Build.0 = Debug|Any CPU
		{C8D759A4-7DA0-4200-AA79-67025122277E}.Develop|Any CPU.ActiveCfg = Develop|Any CPU
		{C8D759A4-7DA0-4200-AA79-67025122277E}.Develop|Any CPU.Build.0 = Develop|Any CPU
		{C8D759A4-7DA0-4200-AA79-67025122277E}.Develop|ARM.ActiveCfg = Develop|Any CPU
		{C8D759A4-7DA0-4200-AA79-67025122277E}.Develop|ARM.Build.0 = Develop|Any CPU
		{C8D759A4-7DA0-4200-AA79-67025122277E}.Develop|x64.ActiveCfg = Develop|Any CPU
		{C8D759A4-7DA0-4200-AA79-67025122277E}.Develop|x64.Build.0 = Develop|Any CPU
		{C8D759A4-7DA0-4200-AA79-67025122277E}.Develop|x86.ActiveCfg = Develop|Any CPU
		{C8D759A4-7DA0-4200-AA79-67025122277E}.Develop|x86.Build.0 = Develop|Any CPU
		{C8D759A4-7DA0-4200-AA79-67025122277E}.Release|Any CPU.ActiveCfg = Release|Any CPU
		{C8D759A4-7DA0-4200-AA79-67025122277E}.Release|Any CPU.Build.0 = Release|Any CPU
		{C8D759A4-7DA0-4200-AA79-67025122277E}.Release|ARM.ActiveCfg = Release|Any CPU
		{C8D759A4-7DA0-4200-AA79-67025122277E}.Release|ARM.Build.0 = Release|Any CPU
		{C8D759A4-7DA0-4200-AA79-67025122277E}.Release|x64.ActiveCfg = Release|Any CPU
		{C8D759A4-7DA0-4200-AA79-67025122277E}.Release|x64.Build.0 = Release|Any CPU
		{C8D759A4-7DA0-4200-AA79-67025122277E}.Release|x86.ActiveCfg = Release|Any CPU
		{C8D759A4-7DA0-4200-AA79-67025122277E}.Release|x86.Build.0 = Release|Any CPU
		{2DCD4794-7EB0-44CD-B4CD-ECC313E04A28}.Debug|Any CPU.ActiveCfg = Debug|Any CPU
		{2DCD4794-7EB0-44CD-B4CD-ECC313E04A28}.Debug|Any CPU.Build.0 = Debug|Any CPU
		{2DCD4794-7EB0-44CD-B4CD-ECC313E04A28}.Debug|ARM.ActiveCfg = Debug|Any CPU
		{2DCD4794-7EB0-44CD-B4CD-ECC313E04A28}.Debug|ARM.Build.0 = Debug|Any CPU
		{2DCD4794-7EB0-44CD-B4CD-ECC313E04A28}.Debug|x64.ActiveCfg = Debug|Any CPU
		{2DCD4794-7EB0-44CD-B4CD-ECC313E04A28}.Debug|x64.Build.0 = Debug|Any CPU
		{2DCD4794-7EB0-44CD-B4CD-ECC313E04A28}.Debug|x86.ActiveCfg = Debug|Any CPU
		{2DCD4794-7EB0-44CD-B4CD-ECC313E04A28}.Debug|x86.Build.0 = Debug|Any CPU
		{2DCD4794-7EB0-44CD-B4CD-ECC313E04A28}.Develop|Any CPU.ActiveCfg = Develop|Any CPU
		{2DCD4794-7EB0-44CD-B4CD-ECC313E04A28}.Develop|Any CPU.Build.0 = Develop|Any CPU
		{2DCD4794-7EB0-44CD-B4CD-ECC313E04A28}.Develop|ARM.ActiveCfg = Develop|Any CPU
		{2DCD4794-7EB0-44CD-B4CD-ECC313E04A28}.Develop|ARM.Build.0 = Develop|Any CPU
		{2DCD4794-7EB0-44CD-B4CD-ECC313E04A28}.Develop|x64.ActiveCfg = Develop|Any CPU
		{2DCD4794-7EB0-44CD-B4CD-ECC313E04A28}.Develop|x64.Build.0 = Develop|Any CPU
		{2DCD4794-7EB0-44CD-B4CD-ECC313E04A28}.Develop|x86.ActiveCfg = Develop|Any CPU
		{2DCD4794-7EB0-44CD-B4CD-ECC313E04A28}.Develop|x86.Build.0 = Develop|Any CPU
		{2DCD4794-7EB0-44CD-B4CD-ECC313E04A28}.Release|Any CPU.ActiveCfg = Release|Any CPU
		{2DCD4794-7EB0-44CD-B4CD-ECC313E04A28}.Release|Any CPU.Build.0 = Release|Any CPU
		{2DCD4794-7EB0-44CD-B4CD-ECC313E04A28}.Release|ARM.ActiveCfg = Release|Any CPU
		{2DCD4794-7EB0-44CD-B4CD-ECC313E04A28}.Release|ARM.Build.0 = Release|Any CPU
		{2DCD4794-7EB0-44CD-B4CD-ECC313E04A28}.Release|x64.ActiveCfg = Release|Any CPU
		{2DCD4794-7EB0-44CD-B4CD-ECC313E04A28}.Release|x64.Build.0 = Release|Any CPU
		{2DCD4794-7EB0-44CD-B4CD-ECC313E04A28}.Release|x86.ActiveCfg = Release|Any CPU
		{2DCD4794-7EB0-44CD-B4CD-ECC313E04A28}.Release|x86.Build.0 = Release|Any CPU
		{F10A703B-60B2-4F40-B06A-83A28DE8B642}.Debug|Any CPU.ActiveCfg = Debug|Any CPU
		{F10A703B-60B2-4F40-B06A-83A28DE8B642}.Debug|Any CPU.Build.0 = Debug|Any CPU
		{F10A703B-60B2-4F40-B06A-83A28DE8B642}.Debug|ARM.ActiveCfg = Debug|Any CPU
		{F10A703B-60B2-4F40-B06A-83A28DE8B642}.Debug|ARM.Build.0 = Debug|Any CPU
		{F10A703B-60B2-4F40-B06A-83A28DE8B642}.Debug|x64.ActiveCfg = Debug|Any CPU
		{F10A703B-60B2-4F40-B06A-83A28DE8B642}.Debug|x64.Build.0 = Debug|Any CPU
		{F10A703B-60B2-4F40-B06A-83A28DE8B642}.Debug|x86.ActiveCfg = Debug|Any CPU
		{F10A703B-60B2-4F40-B06A-83A28DE8B642}.Debug|x86.Build.0 = Debug|Any CPU
		{F10A703B-60B2-4F40-B06A-83A28DE8B642}.Develop|Any CPU.ActiveCfg = Develop|Any CPU
		{F10A703B-60B2-4F40-B06A-83A28DE8B642}.Develop|Any CPU.Build.0 = Develop|Any CPU
		{F10A703B-60B2-4F40-B06A-83A28DE8B642}.Develop|ARM.ActiveCfg = Develop|Any CPU
		{F10A703B-60B2-4F40-B06A-83A28DE8B642}.Develop|ARM.Build.0 = Develop|Any CPU
		{F10A703B-60B2-4F40-B06A-83A28DE8B642}.Develop|x64.ActiveCfg = Develop|Any CPU
		{F10A703B-60B2-4F40-B06A-83A28DE8B642}.Develop|x64.Build.0 = Develop|Any CPU
		{F10A703B-60B2-4F40-B06A-83A28DE8B642}.Develop|x86.ActiveCfg = Develop|Any CPU
		{F10A703B-60B2-4F40-B06A-83A28DE8B642}.Develop|x86.Build.0 = Develop|Any CPU
		{F10A703B-60B2-4F40-B06A-83A28DE8B642}.Release|Any CPU.ActiveCfg = Release|Any CPU
		{F10A703B-60B2-4F40-B06A-83A28DE8B642}.Release|Any CPU.Build.0 = Release|Any CPU
		{F10A703B-60B2-4F40-B06A-83A28DE8B642}.Release|ARM.ActiveCfg = Release|Any CPU
		{F10A703B-60B2-4F40-B06A-83A28DE8B642}.Release|ARM.Build.0 = Release|Any CPU
		{F10A703B-60B2-4F40-B06A-83A28DE8B642}.Release|x64.ActiveCfg = Release|Any CPU
		{F10A703B-60B2-4F40-B06A-83A28DE8B642}.Release|x64.Build.0 = Release|Any CPU
		{F10A703B-60B2-4F40-B06A-83A28DE8B642}.Release|x86.ActiveCfg = Release|Any CPU
		{F10A703B-60B2-4F40-B06A-83A28DE8B642}.Release|x86.Build.0 = Release|Any CPU
		{0A5EA53A-2D33-4113-8FFF-E113DB74BE5E}.Debug|Any CPU.ActiveCfg = Debug|Any CPU
		{0A5EA53A-2D33-4113-8FFF-E113DB74BE5E}.Debug|Any CPU.Build.0 = Debug|Any CPU
		{0A5EA53A-2D33-4113-8FFF-E113DB74BE5E}.Debug|ARM.ActiveCfg = Debug|Any CPU
		{0A5EA53A-2D33-4113-8FFF-E113DB74BE5E}.Debug|ARM.Build.0 = Debug|Any CPU
		{0A5EA53A-2D33-4113-8FFF-E113DB74BE5E}.Debug|x64.ActiveCfg = Debug|Any CPU
		{0A5EA53A-2D33-4113-8FFF-E113DB74BE5E}.Debug|x64.Build.0 = Debug|Any CPU
		{0A5EA53A-2D33-4113-8FFF-E113DB74BE5E}.Debug|x86.ActiveCfg = Debug|Any CPU
		{0A5EA53A-2D33-4113-8FFF-E113DB74BE5E}.Debug|x86.Build.0 = Debug|Any CPU
		{0A5EA53A-2D33-4113-8FFF-E113DB74BE5E}.Develop|Any CPU.ActiveCfg = Debug|Any CPU
		{0A5EA53A-2D33-4113-8FFF-E113DB74BE5E}.Develop|Any CPU.Build.0 = Debug|Any CPU
		{0A5EA53A-2D33-4113-8FFF-E113DB74BE5E}.Develop|ARM.ActiveCfg = Debug|Any CPU
		{0A5EA53A-2D33-4113-8FFF-E113DB74BE5E}.Develop|ARM.Build.0 = Debug|Any CPU
		{0A5EA53A-2D33-4113-8FFF-E113DB74BE5E}.Develop|x64.ActiveCfg = Debug|Any CPU
		{0A5EA53A-2D33-4113-8FFF-E113DB74BE5E}.Develop|x64.Build.0 = Debug|Any CPU
		{0A5EA53A-2D33-4113-8FFF-E113DB74BE5E}.Develop|x86.ActiveCfg = Debug|Any CPU
		{0A5EA53A-2D33-4113-8FFF-E113DB74BE5E}.Develop|x86.Build.0 = Debug|Any CPU
		{0A5EA53A-2D33-4113-8FFF-E113DB74BE5E}.Release|Any CPU.ActiveCfg = Release|Any CPU
		{0A5EA53A-2D33-4113-8FFF-E113DB74BE5E}.Release|Any CPU.Build.0 = Release|Any CPU
		{0A5EA53A-2D33-4113-8FFF-E113DB74BE5E}.Release|ARM.ActiveCfg = Release|Any CPU
		{0A5EA53A-2D33-4113-8FFF-E113DB74BE5E}.Release|ARM.Build.0 = Release|Any CPU
		{0A5EA53A-2D33-4113-8FFF-E113DB74BE5E}.Release|x64.ActiveCfg = Release|Any CPU
		{0A5EA53A-2D33-4113-8FFF-E113DB74BE5E}.Release|x64.Build.0 = Release|Any CPU
		{0A5EA53A-2D33-4113-8FFF-E113DB74BE5E}.Release|x86.ActiveCfg = Release|Any CPU
		{0A5EA53A-2D33-4113-8FFF-E113DB74BE5E}.Release|x86.Build.0 = Release|Any CPU
	EndGlobalSection
	GlobalSection(SolutionProperties) = preSolution
		HideSolutionNode = FALSE
	EndGlobalSection
	GlobalSection(NestedProjects) = preSolution
		{B86E788D-4893-4BCD-8426-70748E89C49B} = {6BF4642E-5050-405E-AEB8-E6BF46991286}
		{2307966A-866E-41D5-968F-1133371D4458} = {6BF4642E-5050-405E-AEB8-E6BF46991286}
		{DAD818A5-A784-40E5-9313-A9C8314F649A} = {6BF4642E-5050-405E-AEB8-E6BF46991286}
		{AE52F62C-4E3F-4560-8453-5280B1B3155F} = {6BF4642E-5050-405E-AEB8-E6BF46991286}
		{CF7600E0-8626-4624-AC98-AC4408B5B14F} = {6BF4642E-5050-405E-AEB8-E6BF46991286}
		{49407DFD-BDDD-45FE-B323-37ACEE4234FF} = {6BF4642E-5050-405E-AEB8-E6BF46991286}
		{90C33FDE-BEE1-4592-8C60-E9E8AE44DE5B} = {6BF4642E-5050-405E-AEB8-E6BF46991286}
		{7B433F3D-D101-4326-8099-1165E54BB2F8} = {6BF4642E-5050-405E-AEB8-E6BF46991286}
		{2FF8FFBD-5DE9-4B7D-905A-5A917EEE493C} = {6BF4642E-5050-405E-AEB8-E6BF46991286}
		{C3549125-447D-4EE7-9116-7B579F1E1DC7} = {6BF4642E-5050-405E-AEB8-E6BF46991286}
		{DD4408EA-CC1A-4978-B627-CCA4027AE442} = {6BF4642E-5050-405E-AEB8-E6BF46991286}
		{C8D759A4-7DA0-4200-AA79-67025122277E} = {AC809EDD-E45C-440E-A113-C8EF6DD7D873}
		{2DCD4794-7EB0-44CD-B4CD-ECC313E04A28} = {3CAB2306-7BF8-4C4C-8627-9AE1C66B5FCD}
		{F10A703B-60B2-4F40-B06A-83A28DE8B642} = {6BF4642E-5050-405E-AEB8-E6BF46991286}
		{0A5EA53A-2D33-4113-8FFF-E113DB74BE5E} = {6BF4642E-5050-405E-AEB8-E6BF46991286}
	EndGlobalSection
	GlobalSection(ExtensibilityGlobals) = postSolution
		SolutionGuid = {D291FBF1-B001-4FA1-90D8-FD320791F0C4}
	EndGlobalSection
EndGlobal
