
Microsoft Visual Studio Solution File, Format Version 12.00
# Visual Studio 15
VisualStudioVersion = 15.0.26430.15
MinimumVisualStudioVersion = 10.0.40219.1
Project("{FAE04EC0-301F-11D3-BF4B-00C04F79EFBC}") = "ZenStart", "NetFramework\ZenStart\ZenStart.csproj", "{FF4E8815-E4CB-4657-832E-AEE221C76DE5}"
EndProject
Project("{FAE04EC0-301F-11D3-BF4B-00C04F79EFBC}") = "ZenDebug", "NetFramework\ZenDebug\ZenDebug.csproj", "{1B5E39B4-607E-4BB7-B680-02F0245C0192}"
EndProject
Global
	GlobalSection(SolutionConfigurationPlatforms) = preSolution
		Debug|Any CPU = Debug|Any CPU
		Release|Any CPU = Release|Any CPU
	EndGlobalSection
	GlobalSection(ProjectConfigurationPlatforms) = postSolution
		{FF4E8815-E4CB-4657-832E-AEE221C76DE5}.Debug|Any CPU.ActiveCfg = Debug|Any CPU
		{FF4E8815-E4CB-4657-832E-AEE221C76DE5}.Debug|Any CPU.Build.0 = Debug|Any CPU
		{FF4E8815-E4CB-4657-832E-AEE221C76DE5}.Release|Any CPU.ActiveCfg = Release|Any CPU
		{FF4E8815-E4CB-4657-832E-AEE221C76DE5}.Release|Any CPU.Build.0 = Release|Any CPU
		{1B5E39B4-607E-4BB7-B680-02F0245C0192}.Debug|Any CPU.ActiveCfg = Debug|Any CPU
		{1B5E39B4-607E-4BB7-B680-02F0245C0192}.Debug|Any CPU.Build.0 = Debug|Any CPU
		{1B5E39B4-607E-4BB7-B680-02F0245C0192}.Release|Any CPU.ActiveCfg = Release|Any CPU
		{1B5E39B4-607E-4BB7-B680-02F0245C0192}.Release|Any CPU.Build.0 = Release|Any CPU
	EndGlobalSection
	GlobalSection(SolutionProperties) = preSolution
		HideSolutionNode = FALSE
	EndGlobalSection
	GlobalSection(ExtensibilityGlobals) = postSolution
		SolutionGuid = {589CBF3C-7DE9-413C-82EC-B445038A6E15}
	EndGlobalSection
EndGlobal
