
Microsoft Visual Studio Solution File, Format Version 12.00
# Visual Studio 15
VisualStudioVersion = 15.0.26430.15
MinimumVisualStudioVersion = 10.0.40219.1
Project("{9A19103F-16F7-4668-BE54-9A1E7A4F7556}") = "ZenDebug", "NetCore\ZenDebug\ZenDebug.csproj", "{2B32EF5A-BD50-4371-ACB7-35676046F026}"
EndProject
Project("{9A19103F-16F7-4668-BE54-9A1E7A4F7556}") = "ZenElementsExecuter", "NetCore\ZenElementsExecuter\ZenElementsExecuter.csproj", "{8D137A4C-5FCD-4140-B462-4774731151DA}"
EndProject
Project("{9A19103F-16F7-4668-BE54-9A1E7A4F7556}") = "ZenAssetReceiver", "NetCore\ZenAssetReceiver\ZenAssetReceiver.csproj", "{653747A0-4FB9-4C9F-A680-99366F1FFFF2}"
EndProject
Project("{9A19103F-16F7-4668-BE54-9A1E7A4F7556}") = "ZenAssetTransmitter", "NetCore\ZenAssetTransmitter\ZenAssetTransmitter.csproj", "{DAAE7263-BCB7-484C-8CF0-8F1545773760}"
EndProject
Project("{9A19103F-16F7-4668-BE54-9A1E7A4F7556}") = "ZenCsScript", "NetCore\ZenCsScript\ZenCsScript.csproj", "{11C0DFFD-5DF5-4CDB-8435-BC0913011213}"
EndProject
Project("{9A19103F-16F7-4668-BE54-9A1E7A4F7556}") = "ZenExcelReader", "NetCore\ZenExcelReader\ZenExcelReader.csproj", "{8B8F17E4-B039-4E40-97CE-12FDF93172D1}"
EndProject
Project("{9A19103F-16F7-4668-BE54-9A1E7A4F7556}") = "ZenWebServer", "NetCore\ZenWebServer\ZenWebServer.csproj", "{9BB36D73-D6FD-426B-B280-ACFA07D0E562}"
EndProject
Project("{9A19103F-16F7-4668-BE54-9A1E7A4F7556}") = "ZenElementActionCaller", "NetCore\ZenElementActionCaller\ZenElementActionCaller.csproj", "{18840C3A-AD41-4FC6-BB81-92366BE1037D}"
EndProject
Project("{9A19103F-16F7-4668-BE54-9A1E7A4F7556}") = "ZenSqlServer", "NetCore\ZenSqlServer\ZenSqlServer.csproj", "{C0D10713-AD18-441A-94D4-409F302643A2}"
EndProject
Project("{9A19103F-16F7-4668-BE54-9A1E7A4F7556}") = "ZenLicenceChecker", "NetCore\ZenLicenceChecker\ZenLicenceChecker.csproj", "{971E0958-4B42-47F5-A1E8-4B72FA2ED1A9}"
EndProject
Project("{9A19103F-16F7-4668-BE54-9A1E7A4F7556}") = "ZenHttpRequest", "NetCore\ZenHttpRequest\ZenHttpRequest.csproj", "{71A3332A-8795-4E4C-A476-EED9856BFAD1}"
EndProject
Project("{FAE04EC0-301F-11D3-BF4B-00C04F79EFBC}") = "ZenMail", "NetCore\ZenMail\ZenMail.csproj", "{5ACE2DB7-235E-4FF0-A42D-A143924EBB51}"
EndProject
Global
	GlobalSection(SolutionConfigurationPlatforms) = preSolution
		Debug|Any CPU = Debug|Any CPU
		Release|Any CPU = Release|Any CPU
	EndGlobalSection
	GlobalSection(ProjectConfigurationPlatforms) = postSolution
		{2B32EF5A-BD50-4371-ACB7-35676046F026}.Debug|Any CPU.ActiveCfg = Debug|Any CPU
		{2B32EF5A-BD50-4371-ACB7-35676046F026}.Debug|Any CPU.Build.0 = Debug|Any CPU
		{2B32EF5A-BD50-4371-ACB7-35676046F026}.Release|Any CPU.ActiveCfg = Release|Any CPU
		{2B32EF5A-BD50-4371-ACB7-35676046F026}.Release|Any CPU.Build.0 = Release|Any CPU
		{8D137A4C-5FCD-4140-B462-4774731151DA}.Debug|Any CPU.ActiveCfg = Debug|Any CPU
		{8D137A4C-5FCD-4140-B462-4774731151DA}.Debug|Any CPU.Build.0 = Debug|Any CPU
		{8D137A4C-5FCD-4140-B462-4774731151DA}.Release|Any CPU.ActiveCfg = Release|Any CPU
		{8D137A4C-5FCD-4140-B462-4774731151DA}.Release|Any CPU.Build.0 = Release|Any CPU
		{653747A0-4FB9-4C9F-A680-99366F1FFFF2}.Debug|Any CPU.ActiveCfg = Debug|Any CPU
		{653747A0-4FB9-4C9F-A680-99366F1FFFF2}.Debug|Any CPU.Build.0 = Debug|Any CPU
		{653747A0-4FB9-4C9F-A680-99366F1FFFF2}.Release|Any CPU.ActiveCfg = Release|Any CPU
		{653747A0-4FB9-4C9F-A680-99366F1FFFF2}.Release|Any CPU.Build.0 = Release|Any CPU
		{DAAE7263-BCB7-484C-8CF0-8F1545773760}.Debug|Any CPU.ActiveCfg = Debug|Any CPU
		{DAAE7263-BCB7-484C-8CF0-8F1545773760}.Debug|Any CPU.Build.0 = Debug|Any CPU
		{DAAE7263-BCB7-484C-8CF0-8F1545773760}.Release|Any CPU.ActiveCfg = Release|Any CPU
		{DAAE7263-BCB7-484C-8CF0-8F1545773760}.Release|Any CPU.Build.0 = Release|Any CPU
		{11C0DFFD-5DF5-4CDB-8435-BC0913011213}.Debug|Any CPU.ActiveCfg = Debug|Any CPU
		{11C0DFFD-5DF5-4CDB-8435-BC0913011213}.Debug|Any CPU.Build.0 = Debug|Any CPU
		{11C0DFFD-5DF5-4CDB-8435-BC0913011213}.Release|Any CPU.ActiveCfg = Release|Any CPU
		{11C0DFFD-5DF5-4CDB-8435-BC0913011213}.Release|Any CPU.Build.0 = Release|Any CPU
		{8B8F17E4-B039-4E40-97CE-12FDF93172D1}.Debug|Any CPU.ActiveCfg = Debug|Any CPU
		{8B8F17E4-B039-4E40-97CE-12FDF93172D1}.Debug|Any CPU.Build.0 = Debug|Any CPU
		{8B8F17E4-B039-4E40-97CE-12FDF93172D1}.Release|Any CPU.ActiveCfg = Release|Any CPU
		{8B8F17E4-B039-4E40-97CE-12FDF93172D1}.Release|Any CPU.Build.0 = Release|Any CPU
		{9BB36D73-D6FD-426B-B280-ACFA07D0E562}.Debug|Any CPU.ActiveCfg = Debug|Any CPU
		{9BB36D73-D6FD-426B-B280-ACFA07D0E562}.Debug|Any CPU.Build.0 = Debug|Any CPU
		{9BB36D73-D6FD-426B-B280-ACFA07D0E562}.Release|Any CPU.ActiveCfg = Release|Any CPU
		{9BB36D73-D6FD-426B-B280-ACFA07D0E562}.Release|Any CPU.Build.0 = Release|Any CPU
		{18840C3A-AD41-4FC6-BB81-92366BE1037D}.Debug|Any CPU.ActiveCfg = Debug|Any CPU
		{18840C3A-AD41-4FC6-BB81-92366BE1037D}.Debug|Any CPU.Build.0 = Debug|Any CPU
		{18840C3A-AD41-4FC6-BB81-92366BE1037D}.Release|Any CPU.ActiveCfg = Release|Any CPU
		{18840C3A-AD41-4FC6-BB81-92366BE1037D}.Release|Any CPU.Build.0 = Release|Any CPU
		{C0D10713-AD18-441A-94D4-409F302643A2}.Debug|Any CPU.ActiveCfg = Debug|Any CPU
		{C0D10713-AD18-441A-94D4-409F302643A2}.Debug|Any CPU.Build.0 = Debug|Any CPU
		{C0D10713-AD18-441A-94D4-409F302643A2}.Release|Any CPU.ActiveCfg = Release|Any CPU
		{C0D10713-AD18-441A-94D4-409F302643A2}.Release|Any CPU.Build.0 = Release|Any CPU
		{971E0958-4B42-47F5-A1E8-4B72FA2ED1A9}.Debug|Any CPU.ActiveCfg = Debug|Any CPU
		{971E0958-4B42-47F5-A1E8-4B72FA2ED1A9}.Debug|Any CPU.Build.0 = Debug|Any CPU
		{971E0958-4B42-47F5-A1E8-4B72FA2ED1A9}.Release|Any CPU.ActiveCfg = Release|Any CPU
		{971E0958-4B42-47F5-A1E8-4B72FA2ED1A9}.Release|Any CPU.Build.0 = Release|Any CPU
		{71A3332A-8795-4E4C-A476-EED9856BFAD1}.Debug|Any CPU.ActiveCfg = Debug|Any CPU
		{71A3332A-8795-4E4C-A476-EED9856BFAD1}.Debug|Any CPU.Build.0 = Debug|Any CPU
		{71A3332A-8795-4E4C-A476-EED9856BFAD1}.Release|Any CPU.ActiveCfg = Release|Any CPU
		{71A3332A-8795-4E4C-A476-EED9856BFAD1}.Release|Any CPU.Build.0 = Release|Any CPU
		{5ACE2DB7-235E-4FF0-A42D-A143924EBB51}.Debug|Any CPU.ActiveCfg = Debug|Any CPU
		{5ACE2DB7-235E-4FF0-A42D-A143924EBB51}.Debug|Any CPU.Build.0 = Debug|Any CPU
		{5ACE2DB7-235E-4FF0-A42D-A143924EBB51}.Release|Any CPU.ActiveCfg = Release|Any CPU
		{5ACE2DB7-235E-4FF0-A42D-A143924EBB51}.Release|Any CPU.Build.0 = Release|Any CPU
	EndGlobalSection
	GlobalSection(SolutionProperties) = preSolution
		HideSolutionNode = FALSE
	EndGlobalSection
	GlobalSection(ExtensibilityGlobals) = postSolution
		SolutionGuid = {5C5393B8-1F8E-4304-B7C8-C67E8F84E4F0}
	EndGlobalSection
EndGlobal
