
Microsoft Visual Studio Solution File, Format Version 12.00
# Visual Studio 15
VisualStudioVersion = 15.0.26430.15
MinimumVisualStudioVersion = 10.0.40219.1
Project("{FAE04EC0-301F-11D3-BF4B-00C04F79EFBC}") = "ZenStart", "NetFramework\ZenStart\ZenStart.csproj", "{FF4E8815-E4CB-4657-832E-AEE221C76DE5}"
EndProject
Project("{FAE04EC0-301F-11D3-BF4B-00C04F79EFBC}") = "ZenDebug", "NetFramework\ZenDebug\ZenDebug.csproj", "{1B5E39B4-607E-4BB7-B680-02F0245C0192}"
EndProject
Project("{FAE04EC0-301F-11D3-BF4B-00C04F79EFBC}") = "ZenElementsExecuter", "NetFramework\ZenElementsExecuter\ZenElementsExecuter.csproj", "{6EE8ECE9-BEF0-4BBF-BD15-B3D5375C1F42}"
EndProject
Project("{FAE04EC0-301F-11D3-BF4B-00C04F79EFBC}") = "ZenAssetReceiver", "NetFramework\ZenAssetReceiver\ZenAssetReceiver.csproj", "{5F49FF82-3248-4E55-89DA-1EF4BD7BCC16}"
EndProject
Project("{FAE04EC0-301F-11D3-BF4B-00C04F79EFBC}") = "ZenAssetTransmitter", "NetFramework\ZenAssetTransmitter\ZenAssetTransmitter.csproj", "{960C0169-5EB4-49C1-80C2-FA5973B61E4E}"
EndProject
Project("{FAE04EC0-301F-11D3-BF4B-00C04F79EFBC}") = "ZenCsScript", "NetFramework\ZenCsScript\ZenCsScript.csproj", "{EEC531D6-E10E-4D36-A55C-DCB2302E6CA5}"
EndProject
Project("{FAE04EC0-301F-11D3-BF4B-00C04F79EFBC}") = "ZenExcelReader", "NetFramework\ZenExcelReader\ZenExcelReader.csproj", "{FDE7B3C8-992C-44FB-836E-7F60898A1892}"
EndProject
Project("{FAE04EC0-301F-11D3-BF4B-00C04F79EFBC}") = "ZenWebServer", "NetFramework\ZenWebServer\ZenWebServer.csproj", "{1B4B0784-3F39-4266-9CD1-8AFC5385A76E}"
EndProject
Project("{FAE04EC0-301F-11D3-BF4B-00C04F79EFBC}") = "ZenElementActionCaller", "NetFramework\ZenElementActionCaller\ZenElementActionCaller.csproj", "{6063445C-25D0-423C-A142-E9E523050C09}"
EndProject
Project("{FAE04EC0-301F-11D3-BF4B-00C04F79EFBC}") = "ZenSqlServer", "NetFramework\ZenSqlServer\ZenSqlServer.csproj", "{85553657-8C77-4A90-ABCF-5F1CFA08EB7E}"
EndProject
Global
	GlobalSection(SolutionConfigurationPlatforms) = preSolution
		Debug|Any CPU = Debug|Any CPU
		Release|Any CPU = Release|Any CPU
	EndGlobalSection
	GlobalSection(ProjectConfigurationPlatforms) = postSolution
		{FF4E8815-E4CB-4657-832E-AEE221C76DE5}.Debug|Any CPU.ActiveCfg = Debug|Any CPU
		{FF4E8815-E4CB-4657-832E-AEE221C76DE5}.Debug|Any CPU.Build.0 = Debug|Any CPU
		{FF4E8815-E4CB-4657-832E-AEE221C76DE5}.Release|Any CPU.ActiveCfg = Release|Any CPU
		{FF4E8815-E4CB-4657-832E-AEE221C76DE5}.Release|Any CPU.Build.0 = Release|Any CPU
		{1B5E39B4-607E-4BB7-B680-02F0245C0192}.Debug|Any CPU.ActiveCfg = Debug|Any CPU
		{1B5E39B4-607E-4BB7-B680-02F0245C0192}.Debug|Any CPU.Build.0 = Debug|Any CPU
		{1B5E39B4-607E-4BB7-B680-02F0245C0192}.Release|Any CPU.ActiveCfg = Release|Any CPU
		{1B5E39B4-607E-4BB7-B680-02F0245C0192}.Release|Any CPU.Build.0 = Release|Any CPU
		{6EE8ECE9-BEF0-4BBF-BD15-B3D5375C1F42}.Debug|Any CPU.ActiveCfg = Debug|Any CPU
		{6EE8ECE9-BEF0-4BBF-BD15-B3D5375C1F42}.Debug|Any CPU.Build.0 = Debug|Any CPU
		{6EE8ECE9-BEF0-4BBF-BD15-B3D5375C1F42}.Release|Any CPU.ActiveCfg = Release|Any CPU
		{6EE8ECE9-BEF0-4BBF-BD15-B3D5375C1F42}.Release|Any CPU.Build.0 = Release|Any CPU
		{5F49FF82-3248-4E55-89DA-1EF4BD7BCC16}.Debug|Any CPU.ActiveCfg = Debug|Any CPU
		{5F49FF82-3248-4E55-89DA-1EF4BD7BCC16}.Debug|Any CPU.Build.0 = Debug|Any CPU
		{5F49FF82-3248-4E55-89DA-1EF4BD7BCC16}.Release|Any CPU.ActiveCfg = Release|Any CPU
		{5F49FF82-3248-4E55-89DA-1EF4BD7BCC16}.Release|Any CPU.Build.0 = Release|Any CPU
		{960C0169-5EB4-49C1-80C2-FA5973B61E4E}.Debug|Any CPU.ActiveCfg = Debug|Any CPU
		{960C0169-5EB4-49C1-80C2-FA5973B61E4E}.Debug|Any CPU.Build.0 = Debug|Any CPU
		{960C0169-5EB4-49C1-80C2-FA5973B61E4E}.Release|Any CPU.ActiveCfg = Release|Any CPU
		{960C0169-5EB4-49C1-80C2-FA5973B61E4E}.Release|Any CPU.Build.0 = Release|Any CPU
		{EEC531D6-E10E-4D36-A55C-DCB2302E6CA5}.Debug|Any CPU.ActiveCfg = Debug|Any CPU
		{EEC531D6-E10E-4D36-A55C-DCB2302E6CA5}.Debug|Any CPU.Build.0 = Debug|Any CPU
		{EEC531D6-E10E-4D36-A55C-DCB2302E6CA5}.Release|Any CPU.ActiveCfg = Release|Any CPU
		{EEC531D6-E10E-4D36-A55C-DCB2302E6CA5}.Release|Any CPU.Build.0 = Release|Any CPU
		{FDE7B3C8-992C-44FB-836E-7F60898A1892}.Debug|Any CPU.ActiveCfg = Debug|Any CPU
		{FDE7B3C8-992C-44FB-836E-7F60898A1892}.Debug|Any CPU.Build.0 = Debug|Any CPU
		{FDE7B3C8-992C-44FB-836E-7F60898A1892}.Release|Any CPU.ActiveCfg = Release|Any CPU
		{FDE7B3C8-992C-44FB-836E-7F60898A1892}.Release|Any CPU.Build.0 = Release|Any CPU
		{1B4B0784-3F39-4266-9CD1-8AFC5385A76E}.Debug|Any CPU.ActiveCfg = Debug|Any CPU
		{1B4B0784-3F39-4266-9CD1-8AFC5385A76E}.Debug|Any CPU.Build.0 = Debug|Any CPU
		{1B4B0784-3F39-4266-9CD1-8AFC5385A76E}.Release|Any CPU.ActiveCfg = Release|Any CPU
		{1B4B0784-3F39-4266-9CD1-8AFC5385A76E}.Release|Any CPU.Build.0 = Release|Any CPU
		{6063445C-25D0-423C-A142-E9E523050C09}.Debug|Any CPU.ActiveCfg = Debug|Any CPU
		{6063445C-25D0-423C-A142-E9E523050C09}.Debug|Any CPU.Build.0 = Debug|Any CPU
		{6063445C-25D0-423C-A142-E9E523050C09}.Release|Any CPU.ActiveCfg = Release|Any CPU
		{6063445C-25D0-423C-A142-E9E523050C09}.Release|Any CPU.Build.0 = Release|Any CPU
		{85553657-8C77-4A90-ABCF-5F1CFA08EB7E}.Debug|Any CPU.ActiveCfg = Debug|Any CPU
		{85553657-8C77-4A90-ABCF-5F1CFA08EB7E}.Debug|Any CPU.Build.0 = Debug|Any CPU
		{85553657-8C77-4A90-ABCF-5F1CFA08EB7E}.Release|Any CPU.ActiveCfg = Release|Any CPU
		{85553657-8C77-4A90-ABCF-5F1CFA08EB7E}.Release|Any CPU.Build.0 = Release|Any CPU
	EndGlobalSection
	GlobalSection(SolutionProperties) = preSolution
		HideSolutionNode = FALSE
	EndGlobalSection
	GlobalSection(ExtensibilityGlobals) = postSolution
		SolutionGuid = {589CBF3C-7DE9-413C-82EC-B445038A6E15}
	EndGlobalSection
EndGlobal
