
Microsoft Visual Studio Solution File, Format Version 12.00
# Visual Studio 15
VisualStudioVersion = 15.0.26430.15
MinimumVisualStudioVersion = 10.0.40219.1
Project("{9A19103F-16F7-4668-BE54-9A1E7A4F7556}") = "ZenDebug", "NetCore\ZenDebug\ZenDebug.csproj", "{2B32EF5A-BD50-4371-ACB7-35676046F026}"
EndProject
Project("{9A19103F-16F7-4668-BE54-9A1E7A4F7556}") = "ZenElementsExecuter", "NetCore\ZenElementsExecuter\ZenElementsExecuter.csproj", "{8D137A4C-5FCD-4140-B462-4774731151DA}"
EndProject
Project("{9A19103F-16F7-4668-BE54-9A1E7A4F7556}") = "ZenAssetReceiver", "NetCore\ZenAssetReceiver\ZenAssetReceiver.csproj", "{653747A0-4FB9-4C9F-A680-99366F1FFFF2}"
EndProject
Project("{9A19103F-16F7-4668-BE54-9A1E7A4F7556}") = "ZenAssetTransmitter", "NetCore\ZenAssetTransmitter\ZenAssetTransmitter.csproj", "{DAAE7263-BCB7-484C-8CF0-8F1545773760}"
EndProject
Project("{9A19103F-16F7-4668-BE54-9A1E7A4F7556}") = "ZenCsScript", "NetCore\ZenCsScript\ZenCsScript.csproj", "{11C0DFFD-5DF5-4CDB-8435-BC0913011213}"
EndProject
Global
	GlobalSection(SolutionConfigurationPlatforms) = preSolution
		Debug|Any CPU = Debug|Any CPU
		Release|Any CPU = Release|Any CPU
	EndGlobalSection
	GlobalSection(ProjectConfigurationPlatforms) = postSolution
		{2B32EF5A-BD50-4371-ACB7-35676046F026}.Debug|Any CPU.ActiveCfg = Debug|Any CPU
		{2B32EF5A-BD50-4371-ACB7-35676046F026}.Debug|Any CPU.Build.0 = Debug|Any CPU
		{2B32EF5A-BD50-4371-ACB7-35676046F026}.Release|Any CPU.ActiveCfg = Release|Any CPU
		{2B32EF5A-BD50-4371-ACB7-35676046F026}.Release|Any CPU.Build.0 = Release|Any CPU
		{8D137A4C-5FCD-4140-B462-4774731151DA}.Debug|Any CPU.ActiveCfg = Debug|Any CPU
		{8D137A4C-5FCD-4140-B462-4774731151DA}.Debug|Any CPU.Build.0 = Debug|Any CPU
		{8D137A4C-5FCD-4140-B462-4774731151DA}.Release|Any CPU.ActiveCfg = Release|Any CPU
		{8D137A4C-5FCD-4140-B462-4774731151DA}.Release|Any CPU.Build.0 = Release|Any CPU
		{653747A0-4FB9-4C9F-A680-99366F1FFFF2}.Debug|Any CPU.ActiveCfg = Debug|Any CPU
		{653747A0-4FB9-4C9F-A680-99366F1FFFF2}.Debug|Any CPU.Build.0 = Debug|Any CPU
		{653747A0-4FB9-4C9F-A680-99366F1FFFF2}.Release|Any CPU.ActiveCfg = Release|Any CPU
		{653747A0-4FB9-4C9F-A680-99366F1FFFF2}.Release|Any CPU.Build.0 = Release|Any CPU
		{DAAE7263-BCB7-484C-8CF0-8F1545773760}.Debug|Any CPU.ActiveCfg = Debug|Any CPU
		{DAAE7263-BCB7-484C-8CF0-8F1545773760}.Debug|Any CPU.Build.0 = Debug|Any CPU
		{DAAE7263-BCB7-484C-8CF0-8F1545773760}.Release|Any CPU.ActiveCfg = Release|Any CPU
		{DAAE7263-BCB7-484C-8CF0-8F1545773760}.Release|Any CPU.Build.0 = Release|Any CPU
		{11C0DFFD-5DF5-4CDB-8435-BC0913011213}.Debug|Any CPU.ActiveCfg = Debug|Any CPU
		{11C0DFFD-5DF5-4CDB-8435-BC0913011213}.Debug|Any CPU.Build.0 = Debug|Any CPU
		{11C0DFFD-5DF5-4CDB-8435-BC0913011213}.Release|Any CPU.ActiveCfg = Release|Any CPU
		{11C0DFFD-5DF5-4CDB-8435-BC0913011213}.Release|Any CPU.Build.0 = Release|Any CPU
	EndGlobalSection
	GlobalSection(SolutionProperties) = preSolution
		HideSolutionNode = FALSE
	EndGlobalSection
	GlobalSection(ExtensibilityGlobals) = postSolution
		SolutionGuid = {5C5393B8-1F8E-4304-B7C8-C67E8F84E4F0}
	EndGlobalSection
EndGlobal
