
Microsoft Visual Studio Solution File, Format Version 12.00
# Visual Studio 15
VisualStudioVersion = 15.0.27617.1
MinimumVisualStudioVersion = 10.0.40219.1
Project("{FAE04EC0-301F-11D3-BF4B-00C04F79EFBC}") = "ZenEngine", "ZenEngine.csproj", "{3DDA20AB-421D-4CDA-81F3-7BC03FD7E7FD}"
EndProject
Global
	GlobalSection(SolutionConfigurationPlatforms) = preSolution
		Debug|Any CPU = Debug|Any CPU
		Release|Any CPU = Release|Any CPU
	EndGlobalSection
	GlobalSection(ProjectConfigurationPlatforms) = postSolution
		{3DDA20AB-421D-4CDA-81F3-7BC03FD7E7FD}.Debug|Any CPU.ActiveCfg = Debug|Any CPU
		{3DDA20AB-421D-4CDA-81F3-7BC03FD7E7FD}.Debug|Any CPU.Build.0 = Debug|Any CPU
		{3DDA20AB-421D-4CDA-81F3-7BC03FD7E7FD}.Release|Any CPU.ActiveCfg = Release|Any CPU
		{3DDA20AB-421D-4CDA-81F3-7BC03FD7E7FD}.Release|Any CPU.Build.0 = Release|Any CPU
	EndGlobalSection
	GlobalSection(SolutionProperties) = preSolution
		HideSolutionNode = FALSE
	EndGlobalSection
	GlobalSection(ExtensibilityGlobals) = postSolution
		SolutionGuid = {C53412DD-270C-41B9-B3E7-CB527137B723}
	EndGlobalSection
EndGlobal
